
Microsoft Visual Studio Solution File, Format Version 12.00
# Visual Studio Version 16
VisualStudioVersion = 16.0.30309.148
MinimumVisualStudioVersion = 10.0.40219.1
Project("{FAE04EC0-301F-11D3-BF4B-00C04F79EFBC}") = "adminv1", "adminv1\adminv1.csproj", "{73328A3C-88DB-42F4-92F0-F7F4725F1DB5}"
EndProject
Global
	GlobalSection(SolutionConfigurationPlatforms) = preSolution
		Debug|Any CPU = Debug|Any CPU
		Release|Any CPU = Release|Any CPU
	EndGlobalSection
	GlobalSection(ProjectConfigurationPlatforms) = postSolution
		{73328A3C-88DB-42F4-92F0-F7F4725F1DB5}.Debug|Any CPU.ActiveCfg = Debug|Any CPU
		{73328A3C-88DB-42F4-92F0-F7F4725F1DB5}.Debug|Any CPU.Build.0 = Debug|Any CPU
		{73328A3C-88DB-42F4-92F0-F7F4725F1DB5}.Release|Any CPU.ActiveCfg = Release|Any CPU
		{73328A3C-88DB-42F4-92F0-F7F4725F1DB5}.Release|Any CPU.Build.0 = Release|Any CPU
	EndGlobalSection
	GlobalSection(SolutionProperties) = preSolution
		HideSolutionNode = FALSE
	EndGlobalSection
	GlobalSection(ExtensibilityGlobals) = postSolution
		SolutionGuid = {A9CB566B-DDE8-48A1-A920-A2B02FA56089}
	EndGlobalSection
EndGlobal
